
Microsoft Visual Studio Solution File, Format Version 12.00
# Visual Studio 15
VisualStudioVersion = 15.0.27130.2020
MinimumVisualStudioVersion = 10.0.40219.1
Project("{9A19103F-16F7-4668-BE54-9A1E7A4F7556}") = "NuciXNA.Primitives", "NuciXNA.Primitives\NuciXNA.Primitives.csproj", "{3C23C22B-DC6F-446F-864A-AC7AE4B83A90}"
EndProject
Project("{FAE04EC0-301F-11D3-BF4B-00C04F79EFBC}") = "NuciXNA.Primitives.UnitTests", "NuciXNA.Primitives.UnitTests\NuciXNA.Primitives.UnitTests.csproj", "{70519137-C6F3-4E4A-900A-2861CB47D3EB}"
EndProject
Global
	GlobalSection(SolutionConfigurationPlatforms) = preSolution
		Debug|Any CPU = Debug|Any CPU
		Release|Any CPU = Release|Any CPU
	EndGlobalSection
	GlobalSection(ProjectConfigurationPlatforms) = postSolution
		{3C23C22B-DC6F-446F-864A-AC7AE4B83A90}.Debug|Any CPU.ActiveCfg = Debug|Any CPU
		{3C23C22B-DC6F-446F-864A-AC7AE4B83A90}.Debug|Any CPU.Build.0 = Debug|Any CPU
		{3C23C22B-DC6F-446F-864A-AC7AE4B83A90}.Release|Any CPU.ActiveCfg = Release|Any CPU
		{3C23C22B-DC6F-446F-864A-AC7AE4B83A90}.Release|Any CPU.Build.0 = Release|Any CPU
		{70519137-C6F3-4E4A-900A-2861CB47D3EB}.Debug|Any CPU.ActiveCfg = Debug|Any CPU
		{70519137-C6F3-4E4A-900A-2861CB47D3EB}.Debug|Any CPU.Build.0 = Debug|Any CPU
		{70519137-C6F3-4E4A-900A-2861CB47D3EB}.Release|Any CPU.ActiveCfg = Release|Any CPU
		{70519137-C6F3-4E4A-900A-2861CB47D3EB}.Release|Any CPU.Build.0 = Release|Any CPU
	EndGlobalSection
	GlobalSection(SolutionProperties) = preSolution
		HideSolutionNode = FALSE
	EndGlobalSection
EndGlobal
